
Microsoft Visual Studio Solution File, Format Version 12.00
# Visual Studio Version 17
VisualStudioVersion = 17.9.34723.18
MinimumVisualStudioVersion = 10.0.40219.1
Project("{FAE04EC0-301F-11D3-BF4B-00C04F79EFBC}") = "PlaywrightFramework", "PlaywrightFramework\PlaywrightFramework.csproj", "{C0CE9501-45E3-4966-BA40-5A1E5AA0E6E0}"
EndProject
Global
	GlobalSection(SolutionConfigurationPlatforms) = preSolution
		Debug|Any CPU = Debug|Any CPU
		Release|Any CPU = Release|Any CPU
	EndGlobalSection
	GlobalSection(ProjectConfigurationPlatforms) = postSolution
		{C0CE9501-45E3-4966-BA40-5A1E5AA0E6E0}.Debug|Any CPU.ActiveCfg = Debug|Any CPU
		{C0CE9501-45E3-4966-BA40-5A1E5AA0E6E0}.Debug|Any CPU.Build.0 = Debug|Any CPU
		{C0CE9501-45E3-4966-BA40-5A1E5AA0E6E0}.Release|Any CPU.ActiveCfg = Release|Any CPU
		{C0CE9501-45E3-4966-BA40-5A1E5AA0E6E0}.Release|Any CPU.Build.0 = Release|Any CPU
	EndGlobalSection
	GlobalSection(SolutionProperties) = preSolution
		HideSolutionNode = FALSE
	EndGlobalSection
	GlobalSection(ExtensibilityGlobals) = postSolution
		SolutionGuid = {772DAAB8-CE21-4F1C-8D4B-273AA3E637FD}
	EndGlobalSection
EndGlobal
